
Microsoft Visual Studio Solution File, Format Version 12.00
# Visual Studio 15
VisualStudioVersion = 15.0.28010.2019
MinimumVisualStudioVersion = 10.0.40219.1
Project("{8BC9CEB8-8B4A-11D0-8D11-00A0C91BC942}") = "Sort", "Sort\Sort.vcxproj", "{6C66CB11-A033-4DD9-B7E0-9B3DECFCA138}"
EndProject
Global
	GlobalSection(SolutionConfigurationPlatforms) = preSolution
		Debug|x64 = Debug|x64
		Debug|x86 = Debug|x86
		Release|x64 = Release|x64
		Release|x86 = Release|x86
	EndGlobalSection
	GlobalSection(ProjectConfigurationPlatforms) = postSolution
		{6C66CB11-A033-4DD9-B7E0-9B3DECFCA138}.Debug|x64.ActiveCfg = Debug|x64
		{6C66CB11-A033-4DD9-B7E0-9B3DECFCA138}.Debug|x64.Build.0 = Debug|x64
		{6C66CB11-A033-4DD9-B7E0-9B3DECFCA138}.Debug|x86.ActiveCfg = Debug|Win32
		{6C66CB11-A033-4DD9-B7E0-9B3DECFCA138}.Debug|x86.Build.0 = Debug|Win32
		{6C66CB11-A033-4DD9-B7E0-9B3DECFCA138}.Release|x64.ActiveCfg = Release|x64
		{6C66CB11-A033-4DD9-B7E0-9B3DECFCA138}.Release|x64.Build.0 = Release|x64
		{6C66CB11-A033-4DD9-B7E0-9B3DECFCA138}.Release|x86.ActiveCfg = Release|Win32
		{6C66CB11-A033-4DD9-B7E0-9B3DECFCA138}.Release|x86.Build.0 = Release|Win32
	EndGlobalSection
	GlobalSection(SolutionProperties) = preSolution
		HideSolutionNode = FALSE
	EndGlobalSection
	GlobalSection(ExtensibilityGlobals) = postSolution
		SolutionGuid = {D60C1B6B-1751-4C32-AD0D-DE58FF3907C5}
	EndGlobalSection
EndGlobal
