
Microsoft Visual Studio Solution File, Format Version 12.00
# Visual Studio 15
VisualStudioVersion = 15.0.28010.2016
MinimumVisualStudioVersion = 10.0.40219.1
Project("{8BC9CEB8-8B4A-11D0-8D11-00A0C91BC942}") = "Step01", "Step01\Step01.vcxproj", "{910A7D0A-1821-4200-9127-DD2DC318E5DA}"
EndProject
Global
	GlobalSection(SolutionConfigurationPlatforms) = preSolution
		Debug|x64 = Debug|x64
		Debug|x86 = Debug|x86
		Release|x64 = Release|x64
		Release|x86 = Release|x86
	EndGlobalSection
	GlobalSection(ProjectConfigurationPlatforms) = postSolution
		{910A7D0A-1821-4200-9127-DD2DC318E5DA}.Debug|x64.ActiveCfg = Debug|x64
		{910A7D0A-1821-4200-9127-DD2DC318E5DA}.Debug|x64.Build.0 = Debug|x64
		{910A7D0A-1821-4200-9127-DD2DC318E5DA}.Debug|x86.ActiveCfg = Debug|Win32
		{910A7D0A-1821-4200-9127-DD2DC318E5DA}.Debug|x86.Build.0 = Debug|Win32
		{910A7D0A-1821-4200-9127-DD2DC318E5DA}.Release|x64.ActiveCfg = Release|x64
		{910A7D0A-1821-4200-9127-DD2DC318E5DA}.Release|x64.Build.0 = Release|x64
		{910A7D0A-1821-4200-9127-DD2DC318E5DA}.Release|x86.ActiveCfg = Release|Win32
		{910A7D0A-1821-4200-9127-DD2DC318E5DA}.Release|x86.Build.0 = Release|Win32
	EndGlobalSection
	GlobalSection(SolutionProperties) = preSolution
		HideSolutionNode = FALSE
	EndGlobalSection
	GlobalSection(ExtensibilityGlobals) = postSolution
		SolutionGuid = {D3AFC017-AD04-4D99-A2A6-35C41954B37B}
	EndGlobalSection
EndGlobal
