
Microsoft Visual Studio Solution File, Format Version 12.00
# Visual Studio 15
VisualStudioVersion = 15.0.28010.2019
MinimumVisualStudioVersion = 10.0.40219.1
Project("{8BC9CEB8-8B4A-11D0-8D11-00A0C91BC942}") = "Project1", "Project1\Project1.vcxproj", "{A5D03978-480D-4B40-A34C-3EC26849623F}"
EndProject
Global
	GlobalSection(SolutionConfigurationPlatforms) = preSolution
		Debug|x64 = Debug|x64
		Debug|x86 = Debug|x86
		Release|x64 = Release|x64
		Release|x86 = Release|x86
	EndGlobalSection
	GlobalSection(ProjectConfigurationPlatforms) = postSolution
		{A5D03978-480D-4B40-A34C-3EC26849623F}.Debug|x64.ActiveCfg = Debug|x64
		{A5D03978-480D-4B40-A34C-3EC26849623F}.Debug|x64.Build.0 = Debug|x64
		{A5D03978-480D-4B40-A34C-3EC26849623F}.Debug|x86.ActiveCfg = Debug|Win32
		{A5D03978-480D-4B40-A34C-3EC26849623F}.Debug|x86.Build.0 = Debug|Win32
		{A5D03978-480D-4B40-A34C-3EC26849623F}.Release|x64.ActiveCfg = Release|x64
		{A5D03978-480D-4B40-A34C-3EC26849623F}.Release|x64.Build.0 = Release|x64
		{A5D03978-480D-4B40-A34C-3EC26849623F}.Release|x86.ActiveCfg = Release|Win32
		{A5D03978-480D-4B40-A34C-3EC26849623F}.Release|x86.Build.0 = Release|Win32
	EndGlobalSection
	GlobalSection(SolutionProperties) = preSolution
		HideSolutionNode = FALSE
	EndGlobalSection
	GlobalSection(ExtensibilityGlobals) = postSolution
		SolutionGuid = {918F46E3-23B0-48F2-B570-A31992BF8843}
	EndGlobalSection
EndGlobal
