
Microsoft Visual Studio Solution File, Format Version 12.00
# Visual Studio 15
VisualStudioVersion = 15.0.28010.2016
MinimumVisualStudioVersion = 10.0.40219.1
Project("{8BC9CEB8-8B4A-11D0-8D11-00A0C91BC942}") = "Maze", "Maze\Maze.vcxproj", "{5A1FE437-4F97-45DA-8938-7FC95DCF88F5}"
EndProject
Project("{8BC9CEB8-8B4A-11D0-8D11-00A0C91BC942}") = "Maze00_Stack", "Maze00_Stack\Maze00_Stack.vcxproj", "{8E36A563-1802-4D72-8778-AB8ECFF6CC60}"
EndProject
Project("{8BC9CEB8-8B4A-11D0-8D11-00A0C91BC942}") = "Maze01_Queue", "Maze01_Queue\Maze01_Queue.vcxproj", "{F3589A2A-1CB5-4DF1-AD63-D4BDFC22CF33}"
EndProject
Project("{8BC9CEB8-8B4A-11D0-8D11-00A0C91BC942}") = "Maze02_PriorityQueue", "Maze02_PriorityQueue\Maze02_PriorityQueue.vcxproj", "{13603FBC-007F-47F7-A976-69F42F5B9EA7}"
EndProject
Global
	GlobalSection(SolutionConfigurationPlatforms) = preSolution
		Debug|x64 = Debug|x64
		Debug|x86 = Debug|x86
		Release|x64 = Release|x64
		Release|x86 = Release|x86
	EndGlobalSection
	GlobalSection(ProjectConfigurationPlatforms) = postSolution
		{5A1FE437-4F97-45DA-8938-7FC95DCF88F5}.Debug|x64.ActiveCfg = Debug|x64
		{5A1FE437-4F97-45DA-8938-7FC95DCF88F5}.Debug|x64.Build.0 = Debug|x64
		{5A1FE437-4F97-45DA-8938-7FC95DCF88F5}.Debug|x86.ActiveCfg = Debug|Win32
		{5A1FE437-4F97-45DA-8938-7FC95DCF88F5}.Debug|x86.Build.0 = Debug|Win32
		{5A1FE437-4F97-45DA-8938-7FC95DCF88F5}.Release|x64.ActiveCfg = Release|x64
		{5A1FE437-4F97-45DA-8938-7FC95DCF88F5}.Release|x64.Build.0 = Release|x64
		{5A1FE437-4F97-45DA-8938-7FC95DCF88F5}.Release|x86.ActiveCfg = Release|Win32
		{5A1FE437-4F97-45DA-8938-7FC95DCF88F5}.Release|x86.Build.0 = Release|Win32
		{8E36A563-1802-4D72-8778-AB8ECFF6CC60}.Debug|x64.ActiveCfg = Debug|x64
		{8E36A563-1802-4D72-8778-AB8ECFF6CC60}.Debug|x64.Build.0 = Debug|x64
		{8E36A563-1802-4D72-8778-AB8ECFF6CC60}.Debug|x86.ActiveCfg = Debug|Win32
		{8E36A563-1802-4D72-8778-AB8ECFF6CC60}.Debug|x86.Build.0 = Debug|Win32
		{8E36A563-1802-4D72-8778-AB8ECFF6CC60}.Release|x64.ActiveCfg = Release|x64
		{8E36A563-1802-4D72-8778-AB8ECFF6CC60}.Release|x64.Build.0 = Release|x64
		{8E36A563-1802-4D72-8778-AB8ECFF6CC60}.Release|x86.ActiveCfg = Release|Win32
		{8E36A563-1802-4D72-8778-AB8ECFF6CC60}.Release|x86.Build.0 = Release|Win32
		{F3589A2A-1CB5-4DF1-AD63-D4BDFC22CF33}.Debug|x64.ActiveCfg = Debug|x64
		{F3589A2A-1CB5-4DF1-AD63-D4BDFC22CF33}.Debug|x64.Build.0 = Debug|x64
		{F3589A2A-1CB5-4DF1-AD63-D4BDFC22CF33}.Debug|x86.ActiveCfg = Debug|Win32
		{F3589A2A-1CB5-4DF1-AD63-D4BDFC22CF33}.Debug|x86.Build.0 = Debug|Win32
		{F3589A2A-1CB5-4DF1-AD63-D4BDFC22CF33}.Release|x64.ActiveCfg = Release|x64
		{F3589A2A-1CB5-4DF1-AD63-D4BDFC22CF33}.Release|x64.Build.0 = Release|x64
		{F3589A2A-1CB5-4DF1-AD63-D4BDFC22CF33}.Release|x86.ActiveCfg = Release|Win32
		{F3589A2A-1CB5-4DF1-AD63-D4BDFC22CF33}.Release|x86.Build.0 = Release|Win32
		{13603FBC-007F-47F7-A976-69F42F5B9EA7}.Debug|x64.ActiveCfg = Debug|x64
		{13603FBC-007F-47F7-A976-69F42F5B9EA7}.Debug|x64.Build.0 = Debug|x64
		{13603FBC-007F-47F7-A976-69F42F5B9EA7}.Debug|x86.ActiveCfg = Debug|Win32
		{13603FBC-007F-47F7-A976-69F42F5B9EA7}.Debug|x86.Build.0 = Debug|Win32
		{13603FBC-007F-47F7-A976-69F42F5B9EA7}.Release|x64.ActiveCfg = Release|x64
		{13603FBC-007F-47F7-A976-69F42F5B9EA7}.Release|x64.Build.0 = Release|x64
		{13603FBC-007F-47F7-A976-69F42F5B9EA7}.Release|x86.ActiveCfg = Release|Win32
		{13603FBC-007F-47F7-A976-69F42F5B9EA7}.Release|x86.Build.0 = Release|Win32
	EndGlobalSection
	GlobalSection(SolutionProperties) = preSolution
		HideSolutionNode = FALSE
	EndGlobalSection
	GlobalSection(ExtensibilityGlobals) = postSolution
		SolutionGuid = {F68E9E6A-EB2A-4200-AD21-2A3EA5709C4D}
	EndGlobalSection
EndGlobal
