
Microsoft Visual Studio Solution File, Format Version 12.00
# Visual Studio 15
VisualStudioVersion = 15.0.28010.2026
MinimumVisualStudioVersion = 10.0.40219.1
Project("{8BC9CEB8-8B4A-11D0-8D11-00A0C91BC942}") = "DXEngine00_Win_Setup", "DXEngine00_Win_Setup\DXEngine00_Win_Setup.vcxproj", "{AD4762E5-36CE-475C-9B17-0067BBCF893D}"
EndProject
Project("{8BC9CEB8-8B4A-11D0-8D11-00A0C91BC942}") = "DXEngine01_DX_Setup", "DXEngine01_DX_Setup\DXEngine01_DX_Setup.vcxproj", "{DD9932EA-FA2D-48F7-8BDC-F763B418481A}"
EndProject
Project("{8BC9CEB8-8B4A-11D0-8D11-00A0C91BC942}") = "DXEngine02_Draw", "DXEngine02_Draw\DXEngine02_Draw.vcxproj", "{D0EEB5A6-09E3-4B56-AE70-D003BF1AD445}"
EndProject
Project("{8BC9CEB8-8B4A-11D0-8D11-00A0C91BC942}") = "DXEngine03_VertexColor", "DXEngine03_VertexColor\DXEngine03_VertexColor.vcxproj", "{38A0C464-FF37-46E6-BBD0-E9AFA1937521}"
EndProject
Project("{8BC9CEB8-8B4A-11D0-8D11-00A0C91BC942}") = "DXEngine04_IndexBuffer", "DXEngine04_IndexBuffer\DXEngine04_IndexBuffer.vcxproj", "{613F8D28-F995-4112-9CC5-4E35D1FE2B53}"
EndProject
Project("{8BC9CEB8-8B4A-11D0-8D11-00A0C91BC942}") = "DXEngine05_WVP", "DXEngine05_WVP\DXEngine05_WVP.vcxproj", "{37287D36-66FD-4FFE-83BF-4D11599181FE}"
EndProject
Project("{8BC9CEB8-8B4A-11D0-8D11-00A0C91BC942}") = "DXEngine06_Texture_Mapping", "DXEngine06_Texture_Mapping\DXEngine06_Texture_Mapping.vcxproj", "{FDDC8E2F-8876-414F-9221-3789DB8BE83E}"
EndProject
Project("{8BC9CEB8-8B4A-11D0-8D11-00A0C91BC942}") = "DXEngine07_Cube", "DXEngine07_Cube\DXEngine07_Cube.vcxproj", "{41B45B1C-0A54-4D6C-926F-57C2F3C81ABF}"
EndProject
Project("{8BC9CEB8-8B4A-11D0-8D11-00A0C91BC942}") = "DXEngine08_Diffuse", "DXEngine08_Diffuse\DXEngine08_Diffuse.vcxproj", "{33D0673B-72A2-4534-8098-ED6FC7EE85A7}"
EndProject
Project("{8BC9CEB8-8B4A-11D0-8D11-00A0C91BC942}") = "DXEngine09_Specular", "DXEngine09_Specular\DXEngine09_Specular.vcxproj", "{0004AC40-EA89-40FA-886F-0E6F30DF889E}"
EndProject
Project("{8BC9CEB8-8B4A-11D0-8D11-00A0C91BC942}") = "DXEngine10_Transform", "DXEngine10_Transform\DXEngine10_Transform.vcxproj", "{60CA1B49-D487-486A-9A79-0420B1A33407}"
EndProject
Project("{8BC9CEB8-8B4A-11D0-8D11-00A0C91BC942}") = "DXEngine11_GameTimer", "DXEngine11_GameTimer\DXEngine11_GameTimer.vcxproj", "{480DD03E-FA66-4DE8-9F5D-F96B5FAE382B}"
EndProject
Project("{8BC9CEB8-8B4A-11D0-8D11-00A0C91BC942}") = "DXEngine12_FBXLoader", "DXEngine12_FBXLoader\DXEngine12_FBXLoader.vcxproj", "{927B4379-2A85-4C13-903B-E0A21F31A898}"
EndProject
Project("{8BC9CEB8-8B4A-11D0-8D11-00A0C91BC942}") = "DXEngine13_DepthBuffer", "DXEngine13_DepthBuffer\DXEngine13_DepthBuffer.vcxproj", "{8DDCB20E-EF84-4B84-A1B4-B44266A8F3E6}"
EndProject
Project("{8BC9CEB8-8B4A-11D0-8D11-00A0C91BC942}") = "DXEngine14_Normapmapping", "DXEngine14_Normapmapping\DXEngine14_Normapmapping.vcxproj", "{EA55FCC7-3A81-4589-94DF-0399EEAD2844}"
EndProject
Global
	GlobalSection(SolutionConfigurationPlatforms) = preSolution
		Debug|x64 = Debug|x64
		Debug|x86 = Debug|x86
		Release|x64 = Release|x64
		Release|x86 = Release|x86
	EndGlobalSection
	GlobalSection(ProjectConfigurationPlatforms) = postSolution
		{AD4762E5-36CE-475C-9B17-0067BBCF893D}.Debug|x64.ActiveCfg = Debug|x64
		{AD4762E5-36CE-475C-9B17-0067BBCF893D}.Debug|x64.Build.0 = Debug|x64
		{AD4762E5-36CE-475C-9B17-0067BBCF893D}.Debug|x86.ActiveCfg = Debug|Win32
		{AD4762E5-36CE-475C-9B17-0067BBCF893D}.Debug|x86.Build.0 = Debug|Win32
		{AD4762E5-36CE-475C-9B17-0067BBCF893D}.Release|x64.ActiveCfg = Release|x64
		{AD4762E5-36CE-475C-9B17-0067BBCF893D}.Release|x64.Build.0 = Release|x64
		{AD4762E5-36CE-475C-9B17-0067BBCF893D}.Release|x86.ActiveCfg = Release|Win32
		{AD4762E5-36CE-475C-9B17-0067BBCF893D}.Release|x86.Build.0 = Release|Win32
		{DD9932EA-FA2D-48F7-8BDC-F763B418481A}.Debug|x64.ActiveCfg = Debug|x64
		{DD9932EA-FA2D-48F7-8BDC-F763B418481A}.Debug|x64.Build.0 = Debug|x64
		{DD9932EA-FA2D-48F7-8BDC-F763B418481A}.Debug|x86.ActiveCfg = Debug|Win32
		{DD9932EA-FA2D-48F7-8BDC-F763B418481A}.Debug|x86.Build.0 = Debug|Win32
		{DD9932EA-FA2D-48F7-8BDC-F763B418481A}.Release|x64.ActiveCfg = Release|x64
		{DD9932EA-FA2D-48F7-8BDC-F763B418481A}.Release|x64.Build.0 = Release|x64
		{DD9932EA-FA2D-48F7-8BDC-F763B418481A}.Release|x86.ActiveCfg = Release|Win32
		{DD9932EA-FA2D-48F7-8BDC-F763B418481A}.Release|x86.Build.0 = Release|Win32
		{D0EEB5A6-09E3-4B56-AE70-D003BF1AD445}.Debug|x64.ActiveCfg = Debug|x64
		{D0EEB5A6-09E3-4B56-AE70-D003BF1AD445}.Debug|x64.Build.0 = Debug|x64
		{D0EEB5A6-09E3-4B56-AE70-D003BF1AD445}.Debug|x86.ActiveCfg = Debug|Win32
		{D0EEB5A6-09E3-4B56-AE70-D003BF1AD445}.Debug|x86.Build.0 = Debug|Win32
		{D0EEB5A6-09E3-4B56-AE70-D003BF1AD445}.Release|x64.ActiveCfg = Release|x64
		{D0EEB5A6-09E3-4B56-AE70-D003BF1AD445}.Release|x64.Build.0 = Release|x64
		{D0EEB5A6-09E3-4B56-AE70-D003BF1AD445}.Release|x86.ActiveCfg = Release|Win32
		{D0EEB5A6-09E3-4B56-AE70-D003BF1AD445}.Release|x86.Build.0 = Release|Win32
		{38A0C464-FF37-46E6-BBD0-E9AFA1937521}.Debug|x64.ActiveCfg = Debug|x64
		{38A0C464-FF37-46E6-BBD0-E9AFA1937521}.Debug|x64.Build.0 = Debug|x64
		{38A0C464-FF37-46E6-BBD0-E9AFA1937521}.Debug|x86.ActiveCfg = Debug|Win32
		{38A0C464-FF37-46E6-BBD0-E9AFA1937521}.Debug|x86.Build.0 = Debug|Win32
		{38A0C464-FF37-46E6-BBD0-E9AFA1937521}.Release|x64.ActiveCfg = Release|x64
		{38A0C464-FF37-46E6-BBD0-E9AFA1937521}.Release|x64.Build.0 = Release|x64
		{38A0C464-FF37-46E6-BBD0-E9AFA1937521}.Release|x86.ActiveCfg = Release|Win32
		{38A0C464-FF37-46E6-BBD0-E9AFA1937521}.Release|x86.Build.0 = Release|Win32
		{613F8D28-F995-4112-9CC5-4E35D1FE2B53}.Debug|x64.ActiveCfg = Debug|x64
		{613F8D28-F995-4112-9CC5-4E35D1FE2B53}.Debug|x64.Build.0 = Debug|x64
		{613F8D28-F995-4112-9CC5-4E35D1FE2B53}.Debug|x86.ActiveCfg = Debug|Win32
		{613F8D28-F995-4112-9CC5-4E35D1FE2B53}.Debug|x86.Build.0 = Debug|Win32
		{613F8D28-F995-4112-9CC5-4E35D1FE2B53}.Release|x64.ActiveCfg = Release|x64
		{613F8D28-F995-4112-9CC5-4E35D1FE2B53}.Release|x64.Build.0 = Release|x64
		{613F8D28-F995-4112-9CC5-4E35D1FE2B53}.Release|x86.ActiveCfg = Release|Win32
		{613F8D28-F995-4112-9CC5-4E35D1FE2B53}.Release|x86.Build.0 = Release|Win32
		{37287D36-66FD-4FFE-83BF-4D11599181FE}.Debug|x64.ActiveCfg = Debug|x64
		{37287D36-66FD-4FFE-83BF-4D11599181FE}.Debug|x64.Build.0 = Debug|x64
		{37287D36-66FD-4FFE-83BF-4D11599181FE}.Debug|x86.ActiveCfg = Debug|Win32
		{37287D36-66FD-4FFE-83BF-4D11599181FE}.Debug|x86.Build.0 = Debug|Win32
		{37287D36-66FD-4FFE-83BF-4D11599181FE}.Release|x64.ActiveCfg = Release|x64
		{37287D36-66FD-4FFE-83BF-4D11599181FE}.Release|x64.Build.0 = Release|x64
		{37287D36-66FD-4FFE-83BF-4D11599181FE}.Release|x86.ActiveCfg = Release|Win32
		{37287D36-66FD-4FFE-83BF-4D11599181FE}.Release|x86.Build.0 = Release|Win32
		{FDDC8E2F-8876-414F-9221-3789DB8BE83E}.Debug|x64.ActiveCfg = Debug|x64
		{FDDC8E2F-8876-414F-9221-3789DB8BE83E}.Debug|x64.Build.0 = Debug|x64
		{FDDC8E2F-8876-414F-9221-3789DB8BE83E}.Debug|x86.ActiveCfg = Debug|Win32
		{FDDC8E2F-8876-414F-9221-3789DB8BE83E}.Debug|x86.Build.0 = Debug|Win32
		{FDDC8E2F-8876-414F-9221-3789DB8BE83E}.Release|x64.ActiveCfg = Release|x64
		{FDDC8E2F-8876-414F-9221-3789DB8BE83E}.Release|x64.Build.0 = Release|x64
		{FDDC8E2F-8876-414F-9221-3789DB8BE83E}.Release|x86.ActiveCfg = Release|Win32
		{FDDC8E2F-8876-414F-9221-3789DB8BE83E}.Release|x86.Build.0 = Release|Win32
		{41B45B1C-0A54-4D6C-926F-57C2F3C81ABF}.Debug|x64.ActiveCfg = Debug|x64
		{41B45B1C-0A54-4D6C-926F-57C2F3C81ABF}.Debug|x64.Build.0 = Debug|x64
		{41B45B1C-0A54-4D6C-926F-57C2F3C81ABF}.Debug|x86.ActiveCfg = Debug|Win32
		{41B45B1C-0A54-4D6C-926F-57C2F3C81ABF}.Debug|x86.Build.0 = Debug|Win32
		{41B45B1C-0A54-4D6C-926F-57C2F3C81ABF}.Release|x64.ActiveCfg = Release|x64
		{41B45B1C-0A54-4D6C-926F-57C2F3C81ABF}.Release|x64.Build.0 = Release|x64
		{41B45B1C-0A54-4D6C-926F-57C2F3C81ABF}.Release|x86.ActiveCfg = Release|Win32
		{41B45B1C-0A54-4D6C-926F-57C2F3C81ABF}.Release|x86.Build.0 = Release|Win32
		{33D0673B-72A2-4534-8098-ED6FC7EE85A7}.Debug|x64.ActiveCfg = Debug|x64
		{33D0673B-72A2-4534-8098-ED6FC7EE85A7}.Debug|x64.Build.0 = Debug|x64
		{33D0673B-72A2-4534-8098-ED6FC7EE85A7}.Debug|x86.ActiveCfg = Debug|Win32
		{33D0673B-72A2-4534-8098-ED6FC7EE85A7}.Debug|x86.Build.0 = Debug|Win32
		{33D0673B-72A2-4534-8098-ED6FC7EE85A7}.Release|x64.ActiveCfg = Release|x64
		{33D0673B-72A2-4534-8098-ED6FC7EE85A7}.Release|x64.Build.0 = Release|x64
		{33D0673B-72A2-4534-8098-ED6FC7EE85A7}.Release|x86.ActiveCfg = Release|Win32
		{33D0673B-72A2-4534-8098-ED6FC7EE85A7}.Release|x86.Build.0 = Release|Win32
		{0004AC40-EA89-40FA-886F-0E6F30DF889E}.Debug|x64.ActiveCfg = Debug|x64
		{0004AC40-EA89-40FA-886F-0E6F30DF889E}.Debug|x64.Build.0 = Debug|x64
		{0004AC40-EA89-40FA-886F-0E6F30DF889E}.Debug|x86.ActiveCfg = Debug|Win32
		{0004AC40-EA89-40FA-886F-0E6F30DF889E}.Debug|x86.Build.0 = Debug|Win32
		{0004AC40-EA89-40FA-886F-0E6F30DF889E}.Release|x64.ActiveCfg = Release|x64
		{0004AC40-EA89-40FA-886F-0E6F30DF889E}.Release|x64.Build.0 = Release|x64
		{0004AC40-EA89-40FA-886F-0E6F30DF889E}.Release|x86.ActiveCfg = Release|Win32
		{0004AC40-EA89-40FA-886F-0E6F30DF889E}.Release|x86.Build.0 = Release|Win32
		{60CA1B49-D487-486A-9A79-0420B1A33407}.Debug|x64.ActiveCfg = Debug|x64
		{60CA1B49-D487-486A-9A79-0420B1A33407}.Debug|x64.Build.0 = Debug|x64
		{60CA1B49-D487-486A-9A79-0420B1A33407}.Debug|x86.ActiveCfg = Debug|Win32
		{60CA1B49-D487-486A-9A79-0420B1A33407}.Debug|x86.Build.0 = Debug|Win32
		{60CA1B49-D487-486A-9A79-0420B1A33407}.Release|x64.ActiveCfg = Release|x64
		{60CA1B49-D487-486A-9A79-0420B1A33407}.Release|x64.Build.0 = Release|x64
		{60CA1B49-D487-486A-9A79-0420B1A33407}.Release|x86.ActiveCfg = Release|Win32
		{60CA1B49-D487-486A-9A79-0420B1A33407}.Release|x86.Build.0 = Release|Win32
		{480DD03E-FA66-4DE8-9F5D-F96B5FAE382B}.Debug|x64.ActiveCfg = Debug|x64
		{480DD03E-FA66-4DE8-9F5D-F96B5FAE382B}.Debug|x64.Build.0 = Debug|x64
		{480DD03E-FA66-4DE8-9F5D-F96B5FAE382B}.Debug|x86.ActiveCfg = Debug|Win32
		{480DD03E-FA66-4DE8-9F5D-F96B5FAE382B}.Debug|x86.Build.0 = Debug|Win32
		{480DD03E-FA66-4DE8-9F5D-F96B5FAE382B}.Release|x64.ActiveCfg = Release|x64
		{480DD03E-FA66-4DE8-9F5D-F96B5FAE382B}.Release|x64.Build.0 = Release|x64
		{480DD03E-FA66-4DE8-9F5D-F96B5FAE382B}.Release|x86.ActiveCfg = Release|Win32
		{480DD03E-FA66-4DE8-9F5D-F96B5FAE382B}.Release|x86.Build.0 = Release|Win32
		{927B4379-2A85-4C13-903B-E0A21F31A898}.Debug|x64.ActiveCfg = Debug|x64
		{927B4379-2A85-4C13-903B-E0A21F31A898}.Debug|x64.Build.0 = Debug|x64
		{927B4379-2A85-4C13-903B-E0A21F31A898}.Debug|x86.ActiveCfg = Debug|Win32
		{927B4379-2A85-4C13-903B-E0A21F31A898}.Debug|x86.Build.0 = Debug|Win32
		{927B4379-2A85-4C13-903B-E0A21F31A898}.Release|x64.ActiveCfg = Release|x64
		{927B4379-2A85-4C13-903B-E0A21F31A898}.Release|x64.Build.0 = Release|x64
		{927B4379-2A85-4C13-903B-E0A21F31A898}.Release|x86.ActiveCfg = Release|Win32
		{927B4379-2A85-4C13-903B-E0A21F31A898}.Release|x86.Build.0 = Release|Win32
		{8DDCB20E-EF84-4B84-A1B4-B44266A8F3E6}.Debug|x64.ActiveCfg = Debug|x64
		{8DDCB20E-EF84-4B84-A1B4-B44266A8F3E6}.Debug|x64.Build.0 = Debug|x64
		{8DDCB20E-EF84-4B84-A1B4-B44266A8F3E6}.Debug|x86.ActiveCfg = Debug|Win32
		{8DDCB20E-EF84-4B84-A1B4-B44266A8F3E6}.Debug|x86.Build.0 = Debug|Win32
		{8DDCB20E-EF84-4B84-A1B4-B44266A8F3E6}.Release|x64.ActiveCfg = Release|x64
		{8DDCB20E-EF84-4B84-A1B4-B44266A8F3E6}.Release|x64.Build.0 = Release|x64
		{8DDCB20E-EF84-4B84-A1B4-B44266A8F3E6}.Release|x86.ActiveCfg = Release|Win32
		{8DDCB20E-EF84-4B84-A1B4-B44266A8F3E6}.Release|x86.Build.0 = Release|Win32
		{EA55FCC7-3A81-4589-94DF-0399EEAD2844}.Debug|x64.ActiveCfg = Debug|x64
		{EA55FCC7-3A81-4589-94DF-0399EEAD2844}.Debug|x64.Build.0 = Debug|x64
		{EA55FCC7-3A81-4589-94DF-0399EEAD2844}.Debug|x86.ActiveCfg = Debug|Win32
		{EA55FCC7-3A81-4589-94DF-0399EEAD2844}.Debug|x86.Build.0 = Debug|Win32
		{EA55FCC7-3A81-4589-94DF-0399EEAD2844}.Release|x64.ActiveCfg = Release|x64
		{EA55FCC7-3A81-4589-94DF-0399EEAD2844}.Release|x64.Build.0 = Release|x64
		{EA55FCC7-3A81-4589-94DF-0399EEAD2844}.Release|x86.ActiveCfg = Release|Win32
		{EA55FCC7-3A81-4589-94DF-0399EEAD2844}.Release|x86.Build.0 = Release|Win32
	EndGlobalSection
	GlobalSection(SolutionProperties) = preSolution
		HideSolutionNode = FALSE
	EndGlobalSection
	GlobalSection(ExtensibilityGlobals) = postSolution
		SolutionGuid = {6752C0C7-36EF-40E5-BA89-06145BD93F90}
	EndGlobalSection
EndGlobal
