
Microsoft Visual Studio Solution File, Format Version 12.00
# Visual Studio 15
VisualStudioVersion = 15.0.28010.2019
MinimumVisualStudioVersion = 10.0.40219.1
Project("{8BC9CEB8-8B4A-11D0-8D11-00A0C91BC942}") = "Engine00_Win_Setup", "Engine00_Win_Setup\Engine00_Win_Setup.vcxproj", "{7C3CB963-14C2-4A0C-9198-0711692DCADD}"
EndProject
Project("{8BC9CEB8-8B4A-11D0-8D11-00A0C91BC942}") = "Engine01_DX_Setup", "Engine01_DX_Setup\Engine01_DX_Setup.vcxproj", "{92C70CCD-1F56-4F90-A1F4-3B7C999A0532}"
EndProject
Project("{8BC9CEB8-8B4A-11D0-8D11-00A0C91BC942}") = "Engine02_Draw", "Engine02_Draw\Engine02_Draw.vcxproj", "{1D83A529-509E-47A4-A46B-4526D374D119}"
EndProject
Global
	GlobalSection(SolutionConfigurationPlatforms) = preSolution
		Debug|x64 = Debug|x64
		Debug|x86 = Debug|x86
		Release|x64 = Release|x64
		Release|x86 = Release|x86
	EndGlobalSection
	GlobalSection(ProjectConfigurationPlatforms) = postSolution
		{7C3CB963-14C2-4A0C-9198-0711692DCADD}.Debug|x64.ActiveCfg = Debug|x64
		{7C3CB963-14C2-4A0C-9198-0711692DCADD}.Debug|x64.Build.0 = Debug|x64
		{7C3CB963-14C2-4A0C-9198-0711692DCADD}.Debug|x86.ActiveCfg = Debug|Win32
		{7C3CB963-14C2-4A0C-9198-0711692DCADD}.Debug|x86.Build.0 = Debug|Win32
		{7C3CB963-14C2-4A0C-9198-0711692DCADD}.Release|x64.ActiveCfg = Release|x64
		{7C3CB963-14C2-4A0C-9198-0711692DCADD}.Release|x64.Build.0 = Release|x64
		{7C3CB963-14C2-4A0C-9198-0711692DCADD}.Release|x86.ActiveCfg = Release|Win32
		{7C3CB963-14C2-4A0C-9198-0711692DCADD}.Release|x86.Build.0 = Release|Win32
		{92C70CCD-1F56-4F90-A1F4-3B7C999A0532}.Debug|x64.ActiveCfg = Debug|x64
		{92C70CCD-1F56-4F90-A1F4-3B7C999A0532}.Debug|x64.Build.0 = Debug|x64
		{92C70CCD-1F56-4F90-A1F4-3B7C999A0532}.Debug|x86.ActiveCfg = Debug|Win32
		{92C70CCD-1F56-4F90-A1F4-3B7C999A0532}.Debug|x86.Build.0 = Debug|Win32
		{92C70CCD-1F56-4F90-A1F4-3B7C999A0532}.Release|x64.ActiveCfg = Release|x64
		{92C70CCD-1F56-4F90-A1F4-3B7C999A0532}.Release|x64.Build.0 = Release|x64
		{92C70CCD-1F56-4F90-A1F4-3B7C999A0532}.Release|x86.ActiveCfg = Release|Win32
		{92C70CCD-1F56-4F90-A1F4-3B7C999A0532}.Release|x86.Build.0 = Release|Win32
		{1D83A529-509E-47A4-A46B-4526D374D119}.Debug|x64.ActiveCfg = Debug|x64
		{1D83A529-509E-47A4-A46B-4526D374D119}.Debug|x64.Build.0 = Debug|x64
		{1D83A529-509E-47A4-A46B-4526D374D119}.Debug|x86.ActiveCfg = Debug|Win32
		{1D83A529-509E-47A4-A46B-4526D374D119}.Debug|x86.Build.0 = Debug|Win32
		{1D83A529-509E-47A4-A46B-4526D374D119}.Release|x64.ActiveCfg = Release|x64
		{1D83A529-509E-47A4-A46B-4526D374D119}.Release|x64.Build.0 = Release|x64
		{1D83A529-509E-47A4-A46B-4526D374D119}.Release|x86.ActiveCfg = Release|Win32
		{1D83A529-509E-47A4-A46B-4526D374D119}.Release|x86.Build.0 = Release|Win32
	EndGlobalSection
	GlobalSection(SolutionProperties) = preSolution
		HideSolutionNode = FALSE
	EndGlobalSection
	GlobalSection(ExtensibilityGlobals) = postSolution
		SolutionGuid = {95390FAE-D3EB-42B6-A297-FCE3C4BBFEC9}
	EndGlobalSection
EndGlobal
